
Microsoft Visual Studio Solution File, Format Version 12.00
# Visual Studio Version 17
VisualStudioVersion = 17.5.33530.505
MinimumVisualStudioVersion = 10.0.40219.1
Project("{9A19103F-16F7-4668-BE54-9A1E7A4F7556}") = "PARC Archive Importer", "PARC Archive Importer\PARC Archive Importer.csproj", "{CC958B0B-94CD-45B9-9BB5-D1FE9305DA5B}"
EndProject
Global
	GlobalSection(SolutionConfigurationPlatforms) = preSolution
		Debug|Any CPU = Debug|Any CPU
		Release|Any CPU = Release|Any CPU
	EndGlobalSection
	GlobalSection(ProjectConfigurationPlatforms) = postSolution
		{CC958B0B-94CD-45B9-9BB5-D1FE9305DA5B}.Debug|Any CPU.ActiveCfg = Debug|Any CPU
		{CC958B0B-94CD-45B9-9BB5-D1FE9305DA5B}.Debug|Any CPU.Build.0 = Debug|Any CPU
		{CC958B0B-94CD-45B9-9BB5-D1FE9305DA5B}.Release|Any CPU.ActiveCfg = Release|Any CPU
		{CC958B0B-94CD-45B9-9BB5-D1FE9305DA5B}.Release|Any CPU.Build.0 = Release|Any CPU
	EndGlobalSection
	GlobalSection(SolutionProperties) = preSolution
		HideSolutionNode = FALSE
	EndGlobalSection
	GlobalSection(ExtensibilityGlobals) = postSolution
		SolutionGuid = {32D5656B-A86F-413A-9218-4BBF3759637B}
	EndGlobalSection
EndGlobal
